
Microsoft Visual Studio Solution File, Format Version 12.00
# Visual Studio 15
Project("{FAE04EC0-301F-11D3-BF4B-00C04F79EFBC}") = "Unity.XR.Interaction.Toolkit.Samples.StarterAssets", "Unity.XR.Interaction.Toolkit.Samples.StarterAssets.csproj", "{B3EFDBDB-29D7-FBF4-8266-410DCB464057}"
EndProject
Project("{FAE04EC0-301F-11D3-BF4B-00C04F79EFBC}") = "Assembly-CSharp", "Assembly-CSharp.csproj", "{A447B10F-0E01-AF9B-15D0-C03775E0AEFD}"
EndProject
Project("{FAE04EC0-301F-11D3-BF4B-00C04F79EFBC}") = "Unity.XR.Interaction.Toolkit.Samples.ARStarterAssets", "Unity.XR.Interaction.Toolkit.Samples.ARStarterAssets.csproj", "{6F4404AB-5407-A4F0-AA82-6238DFBAB4B7}"
EndProject
Project("{FAE04EC0-301F-11D3-BF4B-00C04F79EFBC}") = "Unity.XR.Interaction.Toolkit.Samples.StarterAssets.Editor", "Unity.XR.Interaction.Toolkit.Samples.StarterAssets.Editor.csproj", "{DCDD891A-4E3C-12FF-FCFC-B1B8373463D6}"
EndProject
Project("{FAE04EC0-301F-11D3-BF4B-00C04F79EFBC}") = "Unity.XR.Interaction.Toolkit.Samples.ARStarterAssets.Editor", "Unity.XR.Interaction.Toolkit.Samples.ARStarterAssets.Editor.csproj", "{DD3DEEB6-557D-2CA1-4FB9-9893341235C9}"
EndProject
Global
	GlobalSection(SolutionConfigurationPlatforms) = preSolution
		Debug|Any CPU = Debug|Any CPU
		Release|Any CPU = Release|Any CPU
	EndGlobalSection
	GlobalSection(ProjectConfigurationPlatforms) = postSolution
		{B3EFDBDB-29D7-FBF4-8266-410DCB464057}.Debug|Any CPU.ActiveCfg = Debug|Any CPU
		{B3EFDBDB-29D7-FBF4-8266-410DCB464057}.Debug|Any CPU.Build.0 = Debug|Any CPU
		{B3EFDBDB-29D7-FBF4-8266-410DCB464057}.Release|Any CPU.ActiveCfg = Release|Any CPU
		{B3EFDBDB-29D7-FBF4-8266-410DCB464057}.Release|Any CPU.Build.0 = Release|Any CPU
		{A447B10F-0E01-AF9B-15D0-C03775E0AEFD}.Debug|Any CPU.ActiveCfg = Debug|Any CPU
		{A447B10F-0E01-AF9B-15D0-C03775E0AEFD}.Debug|Any CPU.Build.0 = Debug|Any CPU
		{A447B10F-0E01-AF9B-15D0-C03775E0AEFD}.Release|Any CPU.ActiveCfg = Release|Any CPU
		{A447B10F-0E01-AF9B-15D0-C03775E0AEFD}.Release|Any CPU.Build.0 = Release|Any CPU
		{6F4404AB-5407-A4F0-AA82-6238DFBAB4B7}.Debug|Any CPU.ActiveCfg = Debug|Any CPU
		{6F4404AB-5407-A4F0-AA82-6238DFBAB4B7}.Debug|Any CPU.Build.0 = Debug|Any CPU
		{6F4404AB-5407-A4F0-AA82-6238DFBAB4B7}.Release|Any CPU.ActiveCfg = Release|Any CPU
		{6F4404AB-5407-A4F0-AA82-6238DFBAB4B7}.Release|Any CPU.Build.0 = Release|Any CPU
		{DCDD891A-4E3C-12FF-FCFC-B1B8373463D6}.Debug|Any CPU.ActiveCfg = Debug|Any CPU
		{DCDD891A-4E3C-12FF-FCFC-B1B8373463D6}.Debug|Any CPU.Build.0 = Debug|Any CPU
		{DCDD891A-4E3C-12FF-FCFC-B1B8373463D6}.Release|Any CPU.ActiveCfg = Release|Any CPU
		{DCDD891A-4E3C-12FF-FCFC-B1B8373463D6}.Release|Any CPU.Build.0 = Release|Any CPU
		{DD3DEEB6-557D-2CA1-4FB9-9893341235C9}.Debug|Any CPU.ActiveCfg = Debug|Any CPU
		{DD3DEEB6-557D-2CA1-4FB9-9893341235C9}.Debug|Any CPU.Build.0 = Debug|Any CPU
		{DD3DEEB6-557D-2CA1-4FB9-9893341235C9}.Release|Any CPU.ActiveCfg = Release|Any CPU
		{DD3DEEB6-557D-2CA1-4FB9-9893341235C9}.Release|Any CPU.Build.0 = Release|Any CPU
	EndGlobalSection
	GlobalSection(SolutionProperties) = preSolution
		HideSolutionNode = FALSE
	EndGlobalSection
EndGlobal
